
Microsoft Visual Studio Solution File, Format Version 12.00
# Visual Studio 15
VisualStudioVersion = 15.0.26124.0
MinimumVisualStudioVersion = 15.0.26124.0
Project("{FAE04EC0-301F-11D3-BF4B-00C04F79EFBC}") = "BL", "BL\BL.csproj", "{15C5FF32-6BCD-437E-8B0F-1B508D399724}"
EndProject
Project("{FAE04EC0-301F-11D3-BF4B-00C04F79EFBC}") = "BL.Xunit", "BL.Xunit\BL.Xunit.csproj", "{CFA614AA-2A91-4B31-9F35-1562C2F54BED}"
EndProject
Project("{FAE04EC0-301F-11D3-BF4B-00C04F79EFBC}") = "DAL", "DAL\DAL.csproj", "{DCF5D749-1D98-4FB7-9B1B-CC802DB99719}"
EndProject
Project("{FAE04EC0-301F-11D3-BF4B-00C04F79EFBC}") = "DAL.Xunit", "DAL.Xunit\DAL.Xunit.csproj", "{2656F448-59EC-4AB6-88FF-D7A4C30CBE52}"
EndProject
Project("{FAE04EC0-301F-11D3-BF4B-00C04F79EFBC}") = "Persistence", "Persistence\Persistence.csproj", "{D588ED26-E02F-49CD-B41E-DD40FF236DEC}"
EndProject
Project("{FAE04EC0-301F-11D3-BF4B-00C04F79EFBC}") = "PL_Console", "PL_Console\PL_Console.csproj", "{2EC4AA9B-10EA-4BEE-8929-F5E05EE85FEE}"
EndProject
Global
	GlobalSection(SolutionConfigurationPlatforms) = preSolution
		Debug|Any CPU = Debug|Any CPU
		Debug|x64 = Debug|x64
		Debug|x86 = Debug|x86
		Release|Any CPU = Release|Any CPU
		Release|x64 = Release|x64
		Release|x86 = Release|x86
	EndGlobalSection
	GlobalSection(SolutionProperties) = preSolution
		HideSolutionNode = FALSE
	EndGlobalSection
	GlobalSection(ProjectConfigurationPlatforms) = postSolution
		{15C5FF32-6BCD-437E-8B0F-1B508D399724}.Debug|Any CPU.ActiveCfg = Debug|Any CPU
		{15C5FF32-6BCD-437E-8B0F-1B508D399724}.Debug|Any CPU.Build.0 = Debug|Any CPU
		{15C5FF32-6BCD-437E-8B0F-1B508D399724}.Debug|x64.ActiveCfg = Debug|Any CPU
		{15C5FF32-6BCD-437E-8B0F-1B508D399724}.Debug|x64.Build.0 = Debug|Any CPU
		{15C5FF32-6BCD-437E-8B0F-1B508D399724}.Debug|x86.ActiveCfg = Debug|Any CPU
		{15C5FF32-6BCD-437E-8B0F-1B508D399724}.Debug|x86.Build.0 = Debug|Any CPU
		{15C5FF32-6BCD-437E-8B0F-1B508D399724}.Release|Any CPU.ActiveCfg = Release|Any CPU
		{15C5FF32-6BCD-437E-8B0F-1B508D399724}.Release|Any CPU.Build.0 = Release|Any CPU
		{15C5FF32-6BCD-437E-8B0F-1B508D399724}.Release|x64.ActiveCfg = Release|Any CPU
		{15C5FF32-6BCD-437E-8B0F-1B508D399724}.Release|x64.Build.0 = Release|Any CPU
		{15C5FF32-6BCD-437E-8B0F-1B508D399724}.Release|x86.ActiveCfg = Release|Any CPU
		{15C5FF32-6BCD-437E-8B0F-1B508D399724}.Release|x86.Build.0 = Release|Any CPU
		{CFA614AA-2A91-4B31-9F35-1562C2F54BED}.Debug|Any CPU.ActiveCfg = Debug|Any CPU
		{CFA614AA-2A91-4B31-9F35-1562C2F54BED}.Debug|Any CPU.Build.0 = Debug|Any CPU
		{CFA614AA-2A91-4B31-9F35-1562C2F54BED}.Debug|x64.ActiveCfg = Debug|Any CPU
		{CFA614AA-2A91-4B31-9F35-1562C2F54BED}.Debug|x64.Build.0 = Debug|Any CPU
		{CFA614AA-2A91-4B31-9F35-1562C2F54BED}.Debug|x86.ActiveCfg = Debug|Any CPU
		{CFA614AA-2A91-4B31-9F35-1562C2F54BED}.Debug|x86.Build.0 = Debug|Any CPU
		{CFA614AA-2A91-4B31-9F35-1562C2F54BED}.Release|Any CPU.ActiveCfg = Release|Any CPU
		{CFA614AA-2A91-4B31-9F35-1562C2F54BED}.Release|Any CPU.Build.0 = Release|Any CPU
		{CFA614AA-2A91-4B31-9F35-1562C2F54BED}.Release|x64.ActiveCfg = Release|Any CPU
		{CFA614AA-2A91-4B31-9F35-1562C2F54BED}.Release|x64.Build.0 = Release|Any CPU
		{CFA614AA-2A91-4B31-9F35-1562C2F54BED}.Release|x86.ActiveCfg = Release|Any CPU
		{CFA614AA-2A91-4B31-9F35-1562C2F54BED}.Release|x86.Build.0 = Release|Any CPU
		{DCF5D749-1D98-4FB7-9B1B-CC802DB99719}.Debug|Any CPU.ActiveCfg = Debug|Any CPU
		{DCF5D749-1D98-4FB7-9B1B-CC802DB99719}.Debug|Any CPU.Build.0 = Debug|Any CPU
		{DCF5D749-1D98-4FB7-9B1B-CC802DB99719}.Debug|x64.ActiveCfg = Debug|Any CPU
		{DCF5D749-1D98-4FB7-9B1B-CC802DB99719}.Debug|x64.Build.0 = Debug|Any CPU
		{DCF5D749-1D98-4FB7-9B1B-CC802DB99719}.Debug|x86.ActiveCfg = Debug|Any CPU
		{DCF5D749-1D98-4FB7-9B1B-CC802DB99719}.Debug|x86.Build.0 = Debug|Any CPU
		{DCF5D749-1D98-4FB7-9B1B-CC802DB99719}.Release|Any CPU.ActiveCfg = Release|Any CPU
		{DCF5D749-1D98-4FB7-9B1B-CC802DB99719}.Release|Any CPU.Build.0 = Release|Any CPU
		{DCF5D749-1D98-4FB7-9B1B-CC802DB99719}.Release|x64.ActiveCfg = Release|Any CPU
		{DCF5D749-1D98-4FB7-9B1B-CC802DB99719}.Release|x64.Build.0 = Release|Any CPU
		{DCF5D749-1D98-4FB7-9B1B-CC802DB99719}.Release|x86.ActiveCfg = Release|Any CPU
		{DCF5D749-1D98-4FB7-9B1B-CC802DB99719}.Release|x86.Build.0 = Release|Any CPU
		{2656F448-59EC-4AB6-88FF-D7A4C30CBE52}.Debug|Any CPU.ActiveCfg = Debug|Any CPU
		{2656F448-59EC-4AB6-88FF-D7A4C30CBE52}.Debug|Any CPU.Build.0 = Debug|Any CPU
		{2656F448-59EC-4AB6-88FF-D7A4C30CBE52}.Debug|x64.ActiveCfg = Debug|Any CPU
		{2656F448-59EC-4AB6-88FF-D7A4C30CBE52}.Debug|x64.Build.0 = Debug|Any CPU
		{2656F448-59EC-4AB6-88FF-D7A4C30CBE52}.Debug|x86.ActiveCfg = Debug|Any CPU
		{2656F448-59EC-4AB6-88FF-D7A4C30CBE52}.Debug|x86.Build.0 = Debug|Any CPU
		{2656F448-59EC-4AB6-88FF-D7A4C30CBE52}.Release|Any CPU.ActiveCfg = Release|Any CPU
		{2656F448-59EC-4AB6-88FF-D7A4C30CBE52}.Release|Any CPU.Build.0 = Release|Any CPU
		{2656F448-59EC-4AB6-88FF-D7A4C30CBE52}.Release|x64.ActiveCfg = Release|Any CPU
		{2656F448-59EC-4AB6-88FF-D7A4C30CBE52}.Release|x64.Build.0 = Release|Any CPU
		{2656F448-59EC-4AB6-88FF-D7A4C30CBE52}.Release|x86.ActiveCfg = Release|Any CPU
		{2656F448-59EC-4AB6-88FF-D7A4C30CBE52}.Release|x86.Build.0 = Release|Any CPU
		{D588ED26-E02F-49CD-B41E-DD40FF236DEC}.Debug|Any CPU.ActiveCfg = Debug|Any CPU
		{D588ED26-E02F-49CD-B41E-DD40FF236DEC}.Debug|Any CPU.Build.0 = Debug|Any CPU
		{D588ED26-E02F-49CD-B41E-DD40FF236DEC}.Debug|x64.ActiveCfg = Debug|Any CPU
		{D588ED26-E02F-49CD-B41E-DD40FF236DEC}.Debug|x64.Build.0 = Debug|Any CPU
		{D588ED26-E02F-49CD-B41E-DD40FF236DEC}.Debug|x86.ActiveCfg = Debug|Any CPU
		{D588ED26-E02F-49CD-B41E-DD40FF236DEC}.Debug|x86.Build.0 = Debug|Any CPU
		{D588ED26-E02F-49CD-B41E-DD40FF236DEC}.Release|Any CPU.ActiveCfg = Release|Any CPU
		{D588ED26-E02F-49CD-B41E-DD40FF236DEC}.Release|Any CPU.Build.0 = Release|Any CPU
		{D588ED26-E02F-49CD-B41E-DD40FF236DEC}.Release|x64.ActiveCfg = Release|Any CPU
		{D588ED26-E02F-49CD-B41E-DD40FF236DEC}.Release|x64.Build.0 = Release|Any CPU
		{D588ED26-E02F-49CD-B41E-DD40FF236DEC}.Release|x86.ActiveCfg = Release|Any CPU
		{D588ED26-E02F-49CD-B41E-DD40FF236DEC}.Release|x86.Build.0 = Release|Any CPU
		{2EC4AA9B-10EA-4BEE-8929-F5E05EE85FEE}.Debug|Any CPU.ActiveCfg = Debug|Any CPU
		{2EC4AA9B-10EA-4BEE-8929-F5E05EE85FEE}.Debug|Any CPU.Build.0 = Debug|Any CPU
		{2EC4AA9B-10EA-4BEE-8929-F5E05EE85FEE}.Debug|x64.ActiveCfg = Debug|Any CPU
		{2EC4AA9B-10EA-4BEE-8929-F5E05EE85FEE}.Debug|x64.Build.0 = Debug|Any CPU
		{2EC4AA9B-10EA-4BEE-8929-F5E05EE85FEE}.Debug|x86.ActiveCfg = Debug|Any CPU
		{2EC4AA9B-10EA-4BEE-8929-F5E05EE85FEE}.Debug|x86.Build.0 = Debug|Any CPU
		{2EC4AA9B-10EA-4BEE-8929-F5E05EE85FEE}.Release|Any CPU.ActiveCfg = Release|Any CPU
		{2EC4AA9B-10EA-4BEE-8929-F5E05EE85FEE}.Release|Any CPU.Build.0 = Release|Any CPU
		{2EC4AA9B-10EA-4BEE-8929-F5E05EE85FEE}.Release|x64.ActiveCfg = Release|Any CPU
		{2EC4AA9B-10EA-4BEE-8929-F5E05EE85FEE}.Release|x64.Build.0 = Release|Any CPU
		{2EC4AA9B-10EA-4BEE-8929-F5E05EE85FEE}.Release|x86.ActiveCfg = Release|Any CPU
		{2EC4AA9B-10EA-4BEE-8929-F5E05EE85FEE}.Release|x86.Build.0 = Release|Any CPU
	EndGlobalSection
EndGlobal
