
Microsoft Visual Studio Solution File, Format Version 12.00
# Visual Studio 15
VisualStudioVersion = 15.0.26124.0
MinimumVisualStudioVersion = 15.0.26124.0
Project("{FAE04EC0-301F-11D3-BF4B-00C04F79EFBC}") = "Pesistence", "Pesistence\Pesistence.csproj", "{4A96F474-69D4-4BD5-8C00-28DC0C52929C}"
EndProject
Project("{FAE04EC0-301F-11D3-BF4B-00C04F79EFBC}") = "DAL", "DAL\DAL.csproj", "{471714B9-98BF-4504-9B9F-9F0D508C9C2C}"
EndProject
Project("{FAE04EC0-301F-11D3-BF4B-00C04F79EFBC}") = "BL", "BL\BL.csproj", "{A5F21972-B512-4DD7-8EA3-5A1EFBA8FAE1}"
EndProject
Project("{FAE04EC0-301F-11D3-BF4B-00C04F79EFBC}") = "PL_Console", "PL_Console\PL_Console.csproj", "{A8C5044A-5C2A-497D-B0C9-25DC71653C16}"
EndProject
Project("{FAE04EC0-301F-11D3-BF4B-00C04F79EFBC}") = "DAL.Xunit", "DAL.Xunit\DAL.Xunit.csproj", "{04CB5FC1-5845-4186-88BC-0C059E19CD52}"
EndProject
Project("{FAE04EC0-301F-11D3-BF4B-00C04F79EFBC}") = "BL.Xunit", "BL.Xunit\BL.Xunit.csproj", "{34660567-0F77-4A2C-9808-DE7034B94FB6}"
EndProject
Global
	GlobalSection(SolutionConfigurationPlatforms) = preSolution
		Debug|Any CPU = Debug|Any CPU
		Debug|x64 = Debug|x64
		Debug|x86 = Debug|x86
		Release|Any CPU = Release|Any CPU
		Release|x64 = Release|x64
		Release|x86 = Release|x86
	EndGlobalSection
	GlobalSection(SolutionProperties) = preSolution
		HideSolutionNode = FALSE
	EndGlobalSection
	GlobalSection(ProjectConfigurationPlatforms) = postSolution
		{4A96F474-69D4-4BD5-8C00-28DC0C52929C}.Debug|Any CPU.ActiveCfg = Debug|Any CPU
		{4A96F474-69D4-4BD5-8C00-28DC0C52929C}.Debug|Any CPU.Build.0 = Debug|Any CPU
		{4A96F474-69D4-4BD5-8C00-28DC0C52929C}.Debug|x64.ActiveCfg = Debug|Any CPU
		{4A96F474-69D4-4BD5-8C00-28DC0C52929C}.Debug|x64.Build.0 = Debug|Any CPU
		{4A96F474-69D4-4BD5-8C00-28DC0C52929C}.Debug|x86.ActiveCfg = Debug|Any CPU
		{4A96F474-69D4-4BD5-8C00-28DC0C52929C}.Debug|x86.Build.0 = Debug|Any CPU
		{4A96F474-69D4-4BD5-8C00-28DC0C52929C}.Release|Any CPU.ActiveCfg = Release|Any CPU
		{4A96F474-69D4-4BD5-8C00-28DC0C52929C}.Release|Any CPU.Build.0 = Release|Any CPU
		{4A96F474-69D4-4BD5-8C00-28DC0C52929C}.Release|x64.ActiveCfg = Release|Any CPU
		{4A96F474-69D4-4BD5-8C00-28DC0C52929C}.Release|x64.Build.0 = Release|Any CPU
		{4A96F474-69D4-4BD5-8C00-28DC0C52929C}.Release|x86.ActiveCfg = Release|Any CPU
		{4A96F474-69D4-4BD5-8C00-28DC0C52929C}.Release|x86.Build.0 = Release|Any CPU
		{471714B9-98BF-4504-9B9F-9F0D508C9C2C}.Debug|Any CPU.ActiveCfg = Debug|Any CPU
		{471714B9-98BF-4504-9B9F-9F0D508C9C2C}.Debug|Any CPU.Build.0 = Debug|Any CPU
		{471714B9-98BF-4504-9B9F-9F0D508C9C2C}.Debug|x64.ActiveCfg = Debug|Any CPU
		{471714B9-98BF-4504-9B9F-9F0D508C9C2C}.Debug|x64.Build.0 = Debug|Any CPU
		{471714B9-98BF-4504-9B9F-9F0D508C9C2C}.Debug|x86.ActiveCfg = Debug|Any CPU
		{471714B9-98BF-4504-9B9F-9F0D508C9C2C}.Debug|x86.Build.0 = Debug|Any CPU
		{471714B9-98BF-4504-9B9F-9F0D508C9C2C}.Release|Any CPU.ActiveCfg = Release|Any CPU
		{471714B9-98BF-4504-9B9F-9F0D508C9C2C}.Release|Any CPU.Build.0 = Release|Any CPU
		{471714B9-98BF-4504-9B9F-9F0D508C9C2C}.Release|x64.ActiveCfg = Release|Any CPU
		{471714B9-98BF-4504-9B9F-9F0D508C9C2C}.Release|x64.Build.0 = Release|Any CPU
		{471714B9-98BF-4504-9B9F-9F0D508C9C2C}.Release|x86.ActiveCfg = Release|Any CPU
		{471714B9-98BF-4504-9B9F-9F0D508C9C2C}.Release|x86.Build.0 = Release|Any CPU
		{A5F21972-B512-4DD7-8EA3-5A1EFBA8FAE1}.Debug|Any CPU.ActiveCfg = Debug|Any CPU
		{A5F21972-B512-4DD7-8EA3-5A1EFBA8FAE1}.Debug|Any CPU.Build.0 = Debug|Any CPU
		{A5F21972-B512-4DD7-8EA3-5A1EFBA8FAE1}.Debug|x64.ActiveCfg = Debug|Any CPU
		{A5F21972-B512-4DD7-8EA3-5A1EFBA8FAE1}.Debug|x64.Build.0 = Debug|Any CPU
		{A5F21972-B512-4DD7-8EA3-5A1EFBA8FAE1}.Debug|x86.ActiveCfg = Debug|Any CPU
		{A5F21972-B512-4DD7-8EA3-5A1EFBA8FAE1}.Debug|x86.Build.0 = Debug|Any CPU
		{A5F21972-B512-4DD7-8EA3-5A1EFBA8FAE1}.Release|Any CPU.ActiveCfg = Release|Any CPU
		{A5F21972-B512-4DD7-8EA3-5A1EFBA8FAE1}.Release|Any CPU.Build.0 = Release|Any CPU
		{A5F21972-B512-4DD7-8EA3-5A1EFBA8FAE1}.Release|x64.ActiveCfg = Release|Any CPU
		{A5F21972-B512-4DD7-8EA3-5A1EFBA8FAE1}.Release|x64.Build.0 = Release|Any CPU
		{A5F21972-B512-4DD7-8EA3-5A1EFBA8FAE1}.Release|x86.ActiveCfg = Release|Any CPU
		{A5F21972-B512-4DD7-8EA3-5A1EFBA8FAE1}.Release|x86.Build.0 = Release|Any CPU
		{A8C5044A-5C2A-497D-B0C9-25DC71653C16}.Debug|Any CPU.ActiveCfg = Debug|Any CPU
		{A8C5044A-5C2A-497D-B0C9-25DC71653C16}.Debug|Any CPU.Build.0 = Debug|Any CPU
		{A8C5044A-5C2A-497D-B0C9-25DC71653C16}.Debug|x64.ActiveCfg = Debug|Any CPU
		{A8C5044A-5C2A-497D-B0C9-25DC71653C16}.Debug|x64.Build.0 = Debug|Any CPU
		{A8C5044A-5C2A-497D-B0C9-25DC71653C16}.Debug|x86.ActiveCfg = Debug|Any CPU
		{A8C5044A-5C2A-497D-B0C9-25DC71653C16}.Debug|x86.Build.0 = Debug|Any CPU
		{A8C5044A-5C2A-497D-B0C9-25DC71653C16}.Release|Any CPU.ActiveCfg = Release|Any CPU
		{A8C5044A-5C2A-497D-B0C9-25DC71653C16}.Release|Any CPU.Build.0 = Release|Any CPU
		{A8C5044A-5C2A-497D-B0C9-25DC71653C16}.Release|x64.ActiveCfg = Release|Any CPU
		{A8C5044A-5C2A-497D-B0C9-25DC71653C16}.Release|x64.Build.0 = Release|Any CPU
		{A8C5044A-5C2A-497D-B0C9-25DC71653C16}.Release|x86.ActiveCfg = Release|Any CPU
		{A8C5044A-5C2A-497D-B0C9-25DC71653C16}.Release|x86.Build.0 = Release|Any CPU
		{04CB5FC1-5845-4186-88BC-0C059E19CD52}.Debug|Any CPU.ActiveCfg = Debug|Any CPU
		{04CB5FC1-5845-4186-88BC-0C059E19CD52}.Debug|Any CPU.Build.0 = Debug|Any CPU
		{04CB5FC1-5845-4186-88BC-0C059E19CD52}.Debug|x64.ActiveCfg = Debug|Any CPU
		{04CB5FC1-5845-4186-88BC-0C059E19CD52}.Debug|x64.Build.0 = Debug|Any CPU
		{04CB5FC1-5845-4186-88BC-0C059E19CD52}.Debug|x86.ActiveCfg = Debug|Any CPU
		{04CB5FC1-5845-4186-88BC-0C059E19CD52}.Debug|x86.Build.0 = Debug|Any CPU
		{04CB5FC1-5845-4186-88BC-0C059E19CD52}.Release|Any CPU.ActiveCfg = Release|Any CPU
		{04CB5FC1-5845-4186-88BC-0C059E19CD52}.Release|Any CPU.Build.0 = Release|Any CPU
		{04CB5FC1-5845-4186-88BC-0C059E19CD52}.Release|x64.ActiveCfg = Release|Any CPU
		{04CB5FC1-5845-4186-88BC-0C059E19CD52}.Release|x64.Build.0 = Release|Any CPU
		{04CB5FC1-5845-4186-88BC-0C059E19CD52}.Release|x86.ActiveCfg = Release|Any CPU
		{04CB5FC1-5845-4186-88BC-0C059E19CD52}.Release|x86.Build.0 = Release|Any CPU
		{34660567-0F77-4A2C-9808-DE7034B94FB6}.Debug|Any CPU.ActiveCfg = Debug|Any CPU
		{34660567-0F77-4A2C-9808-DE7034B94FB6}.Debug|Any CPU.Build.0 = Debug|Any CPU
		{34660567-0F77-4A2C-9808-DE7034B94FB6}.Debug|x64.ActiveCfg = Debug|Any CPU
		{34660567-0F77-4A2C-9808-DE7034B94FB6}.Debug|x64.Build.0 = Debug|Any CPU
		{34660567-0F77-4A2C-9808-DE7034B94FB6}.Debug|x86.ActiveCfg = Debug|Any CPU
		{34660567-0F77-4A2C-9808-DE7034B94FB6}.Debug|x86.Build.0 = Debug|Any CPU
		{34660567-0F77-4A2C-9808-DE7034B94FB6}.Release|Any CPU.ActiveCfg = Release|Any CPU
		{34660567-0F77-4A2C-9808-DE7034B94FB6}.Release|Any CPU.Build.0 = Release|Any CPU
		{34660567-0F77-4A2C-9808-DE7034B94FB6}.Release|x64.ActiveCfg = Release|Any CPU
		{34660567-0F77-4A2C-9808-DE7034B94FB6}.Release|x64.Build.0 = Release|Any CPU
		{34660567-0F77-4A2C-9808-DE7034B94FB6}.Release|x86.ActiveCfg = Release|Any CPU
		{34660567-0F77-4A2C-9808-DE7034B94FB6}.Release|x86.Build.0 = Release|Any CPU
	EndGlobalSection
EndGlobal
